
Microsoft Visual Studio Solution File, Format Version 12.00
# Visual Studio Version 16
VisualStudioVersion = 16.0.29201.188
MinimumVisualStudioVersion = 10.0.40219.1
Project("{FAE04EC0-301F-11D3-BF4B-00C04F79EFBC}") = "CodeFitness.BL", "CodeFitness.BL\CodeFitness.BL.csproj", "{29691E67-EF7A-42BB-A725-42DA44919E37}"
EndProject
Project("{FAE04EC0-301F-11D3-BF4B-00C04F79EFBC}") = "CodeFitness.CMD", "CodeFitness.CMD\CodeFitness.CMD.csproj", "{037D03FA-1D03-40A5-B357-409FAAF5D6EC}"
EndProject
Global
	GlobalSection(SolutionConfigurationPlatforms) = preSolution
		Debug|Any CPU = Debug|Any CPU
		Release|Any CPU = Release|Any CPU
	EndGlobalSection
	GlobalSection(ProjectConfigurationPlatforms) = postSolution
		{29691E67-EF7A-42BB-A725-42DA44919E37}.Debug|Any CPU.ActiveCfg = Debug|Any CPU
		{29691E67-EF7A-42BB-A725-42DA44919E37}.Debug|Any CPU.Build.0 = Debug|Any CPU
		{29691E67-EF7A-42BB-A725-42DA44919E37}.Release|Any CPU.ActiveCfg = Release|Any CPU
		{29691E67-EF7A-42BB-A725-42DA44919E37}.Release|Any CPU.Build.0 = Release|Any CPU
		{037D03FA-1D03-40A5-B357-409FAAF5D6EC}.Debug|Any CPU.ActiveCfg = Debug|Any CPU
		{037D03FA-1D03-40A5-B357-409FAAF5D6EC}.Debug|Any CPU.Build.0 = Debug|Any CPU
		{037D03FA-1D03-40A5-B357-409FAAF5D6EC}.Release|Any CPU.ActiveCfg = Release|Any CPU
		{037D03FA-1D03-40A5-B357-409FAAF5D6EC}.Release|Any CPU.Build.0 = Release|Any CPU
	EndGlobalSection
	GlobalSection(SolutionProperties) = preSolution
		HideSolutionNode = FALSE
	EndGlobalSection
	GlobalSection(ExtensibilityGlobals) = postSolution
		SolutionGuid = {90E5A1FA-16C9-4F08-B4C9-27F94AC345A4}
	EndGlobalSection
EndGlobal
